
Microsoft Visual Studio Solution File, Format Version 12.00
# Visual Studio Version 16
VisualStudioVersion = 16.0.29424.173
MinimumVisualStudioVersion = 10.0.40219.1
Project("{FAE04EC0-301F-11D3-BF4B-00C04F79EFBC}") = "GanttChart", "GanttChart\GanttChart.csproj", "{DEA91CB9-1011-4EE7-B8E1-72428F731789}"
EndProject
Project("{FAE04EC0-301F-11D3-BF4B-00C04F79EFBC}") = "GanttChartDemo", "GanttChartDemo\GanttChartDemo.csproj", "{4490C7BD-973E-4B2A-BBF9-4D4BF51EC6BA}"
EndProject
Global
	GlobalSection(SolutionConfigurationPlatforms) = preSolution
		Debug|Any CPU = Debug|Any CPU
		Debug|Mixed Platforms = Debug|Mixed Platforms
		Debug|x86 = Debug|x86
		Release|Any CPU = Release|Any CPU
		Release|Mixed Platforms = Release|Mixed Platforms
		Release|x86 = Release|x86
	EndGlobalSection
	GlobalSection(ProjectConfigurationPlatforms) = postSolution
		{DEA91CB9-1011-4EE7-B8E1-72428F731789}.Debug|Any CPU.ActiveCfg = Debug|Any CPU
		{DEA91CB9-1011-4EE7-B8E1-72428F731789}.Debug|Any CPU.Build.0 = Debug|Any CPU
		{DEA91CB9-1011-4EE7-B8E1-72428F731789}.Debug|Mixed Platforms.ActiveCfg = Debug|Any CPU
		{DEA91CB9-1011-4EE7-B8E1-72428F731789}.Debug|Mixed Platforms.Build.0 = Debug|Any CPU
		{DEA91CB9-1011-4EE7-B8E1-72428F731789}.Debug|x86.ActiveCfg = Debug|Any CPU
		{DEA91CB9-1011-4EE7-B8E1-72428F731789}.Debug|x86.Build.0 = Debug|Any CPU
		{DEA91CB9-1011-4EE7-B8E1-72428F731789}.Release|Any CPU.ActiveCfg = Release|Any CPU
		{DEA91CB9-1011-4EE7-B8E1-72428F731789}.Release|Any CPU.Build.0 = Release|Any CPU
		{DEA91CB9-1011-4EE7-B8E1-72428F731789}.Release|Mixed Platforms.ActiveCfg = Release|Any CPU
		{DEA91CB9-1011-4EE7-B8E1-72428F731789}.Release|Mixed Platforms.Build.0 = Release|Any CPU
		{DEA91CB9-1011-4EE7-B8E1-72428F731789}.Release|x86.ActiveCfg = Release|Any CPU
		{DEA91CB9-1011-4EE7-B8E1-72428F731789}.Release|x86.Build.0 = Release|Any CPU
		{4490C7BD-973E-4B2A-BBF9-4D4BF51EC6BA}.Debug|Any CPU.ActiveCfg = Debug|Any CPU
		{4490C7BD-973E-4B2A-BBF9-4D4BF51EC6BA}.Debug|Any CPU.Build.0 = Debug|Any CPU
		{4490C7BD-973E-4B2A-BBF9-4D4BF51EC6BA}.Debug|Mixed Platforms.ActiveCfg = Debug|Any CPU
		{4490C7BD-973E-4B2A-BBF9-4D4BF51EC6BA}.Debug|Mixed Platforms.Build.0 = Debug|Any CPU
		{4490C7BD-973E-4B2A-BBF9-4D4BF51EC6BA}.Debug|x86.ActiveCfg = Debug|Any CPU
		{4490C7BD-973E-4B2A-BBF9-4D4BF51EC6BA}.Debug|x86.Build.0 = Debug|Any CPU
		{4490C7BD-973E-4B2A-BBF9-4D4BF51EC6BA}.Release|Any CPU.ActiveCfg = Release|Any CPU
		{4490C7BD-973E-4B2A-BBF9-4D4BF51EC6BA}.Release|Any CPU.Build.0 = Release|Any CPU
		{4490C7BD-973E-4B2A-BBF9-4D4BF51EC6BA}.Release|Mixed Platforms.ActiveCfg = Release|Any CPU
		{4490C7BD-973E-4B2A-BBF9-4D4BF51EC6BA}.Release|Mixed Platforms.Build.0 = Release|Any CPU
		{4490C7BD-973E-4B2A-BBF9-4D4BF51EC6BA}.Release|x86.ActiveCfg = Release|Any CPU
		{4490C7BD-973E-4B2A-BBF9-4D4BF51EC6BA}.Release|x86.Build.0 = Release|Any CPU
	EndGlobalSection
	GlobalSection(SolutionProperties) = preSolution
		HideSolutionNode = FALSE
	EndGlobalSection
	GlobalSection(ExtensibilityGlobals) = postSolution
		SolutionGuid = {D6B6D3BE-9F8C-4AF9-98C8-AA7D56D55928}
	EndGlobalSection
EndGlobal
